# This file is automatically @generated by Cargo.
# It is not intended for manual editing.
version = 4

[[package]]
name = "bitflags"
version = "1.3.2"
source = "registry+https://github.com/rust-lang/crates.io-index"
checksum = "bef38d45163c2f1dde094a7dfd33ccf595c92905c8f8f4fdc18d06fb1037718a"

[[package]]
name = "pallet-revive-proc-macro"
version = "0.1.0"
source = "git+https://github.com/paritytech/polkadot-sdk.git?rev=38d2fa859861005157ccb249dca1378f015e0b06#38d2fa859861005157ccb249dca1378f015e0b06"
dependencies = [
 "proc-macro2",
 "quote",
 "syn",
]

[[package]]
name = "pallet-revive-uapi"
version = "0.1.0"
source = "git+https://github.com/paritytech/polkadot-sdk.git?rev=38d2fa859861005157ccb249dca1378f015e0b06#38d2fa859861005157ccb249dca1378f015e0b06"
dependencies = [
 "bitflags",
 "pallet-revive-proc-macro",
 "paste",
 "polkavm-derive 0.21.0",
]

[[package]]
name = "paste"
version = "1.0.15"
source = "registry+https://github.com/rust-lang/crates.io-index"
checksum = "57c0d7b74b563b49d38dae00a0c37d4d6de9b432382b2892f0574ddcae73fd0a"

[[package]]
name = "polkavm-common"
version = "0.19.0"
source = "registry+https://github.com/rust-lang/crates.io-index"
checksum = "a972bd305ba8cbf0de79951d6d49d2abfad47c277596be5a2c6a0924a163abbd"

[[package]]
name = "polkavm-common"
version = "0.21.0"
source = "registry+https://github.com/rust-lang/crates.io-index"
checksum = "5c16b809cfd398f861261c045a8745e6c78b71ea7e0d3ef6f7cc553eb27bc17e"

[[package]]
name = "polkavm-derive"
version = "0.19.0"
source = "registry+https://github.com/rust-lang/crates.io-index"
checksum = "d8d866972a7532d82d05c26b4516563660dd6676d7ab9e64e681d8ef0e29255c"
dependencies = [
 "polkavm-derive-impl-macro 0.19.0",
]

[[package]]
name = "polkavm-derive"
version = "0.21.0"
source = "registry+https://github.com/rust-lang/crates.io-index"
checksum = "47239245f87329541932c0d7fec750a66a75b13aa87dfe4fbfd637bab86ad387"
dependencies = [
 "polkavm-derive-impl-macro 0.21.0",
]

[[package]]
name = "polkavm-derive-impl"
version = "0.19.0"
source = "registry+https://github.com/rust-lang/crates.io-index"
checksum = "5cffca9d51b21153395a192b65698457687bc51daa41026629895542ccaa65c2"
dependencies = [
 "polkavm-common 0.19.0",
 "proc-macro2",
 "quote",
 "syn",
]

[[package]]
name = "polkavm-derive-impl"
version = "0.21.0"
source = "registry+https://github.com/rust-lang/crates.io-index"
checksum = "24fd6c6215450c3e57511df5c38a82eb4bde208de15ee15046ac33852f3c3eaa"
dependencies = [
 "polkavm-common 0.21.0",
 "proc-macro2",
 "quote",
 "syn",
]

[[package]]
name = "polkavm-derive-impl-macro"
version = "0.19.0"
source = "registry+https://github.com/rust-lang/crates.io-index"
checksum = "cc0dc0cf2e8f4d30874131eccfa36bdabd4a52cfb79c15f8630508abaf06a2a6"
dependencies = [
 "polkavm-derive-impl 0.19.0",
 "syn",
]

[[package]]
name = "polkavm-derive-impl-macro"
version = "0.21.0"
source = "registry+https://github.com/rust-lang/crates.io-index"
checksum = "36837f6b7edfd6f4498f8d25d81da16cf03bd6992c3e56f3d477dfc90f4fefca"
dependencies = [
 "polkavm-derive-impl 0.21.0",
 "syn",
]

[[package]]
name = "proc-macro2"
version = "1.0.93"
source = "registry+https://github.com/rust-lang/crates.io-index"
checksum = "60946a68e5f9d28b0dc1c21bb8a97ee7d018a8b322fa57838ba31cc878e22d99"
dependencies = [
 "unicode-ident",
]

[[package]]
name = "quote"
version = "1.0.38"
source = "registry+https://github.com/rust-lang/crates.io-index"
checksum = "0e4dccaaaf89514f546c693ddc140f729f958c247918a13380cccc6078391acc"
dependencies = [
 "proc-macro2",
]

[[package]]
name = "rust-contract-template"
version = "0.1.0"
dependencies = [
 "pallet-revive-uapi",
 "polkavm-derive 0.19.0",
]

[[package]]
name = "syn"
version = "2.0.100"
source = "registry+https://github.com/rust-lang/crates.io-index"
checksum = "b09a44accad81e1ba1cd74a32461ba89dee89095ba17b32f5d03683b1b1fc2a0"
dependencies = [
 "proc-macro2",
 "quote",
 "unicode-ident",
]

[[package]]
name = "unicode-ident"
version = "1.0.15"
source = "registry+https://github.com/rust-lang/crates.io-index"
checksum = "11cd88e12b17c6494200a9c1b683a04fcac9573ed74cd1b62aeb2727c5592243"
